github.com/theshadow/tpl v0.0.0-20190226224104-1b3033f2d871 h1:eAH2uHAEpUpBqrXhqLj7QeXoUP33gEQQbsOT489sfNY=
github.com/theshadow/tpl v0.0.0-20190305050359-90f6a6f1da2a h1:kMWpu1qjwvNf9g6toFHK9cbu1pDRiQL0g8A6CDAknvI=
github.com/theshadow/tpl v0.0.0-20190305050359-90f6a6f1da2a/go.mod h1:zooKhCv31k561DTUNhB8b16XmjWius51n2Whdjo/WWM=
